<?xml version="1.0" encoding="utf-8"?>
<Project DefaultTargets="Build" ToolsVersion="3.5" xmlns="http://schemas.microsoft.com/developer/msbuild/2003">
  <PropertyGroup>
    <Configuration Condition=" '$(Configuration)' == '' ">Debug</Configuration>
    <Platform Condition=" '$(Platform)' == '' ">AnyCPU</Platform>
    <ProductVersion>9.0.21022</ProductVersion>
    <SchemaVersion>2.0</SchemaVersion>
    <ProjectGuid>{11807333-FEF0-4086-8DB2-D925F8A35EF2}</ProjectGuid>
    <UseDefaultCompiler>True</UseDefaultCompiler>
    <IncrementalLinking>True</IncrementalLinking>
    <PreferOneStepBuild>True</PreferOneStepBuild>
    <Compiler>DMD2</Compiler>
  </PropertyGroup>
  <PropertyGroup Condition=" '$(Configuration)|$(Platform)' == 'Debug|AnyCPU' ">
    <DebugSymbols>True</DebugSymbols>
    <OutputPath>bin\Debug</OutputPath>
    <ObjectsDirectory>obj/Debug</ObjectsDirectory>
    <OutputName>ext</OutputName>
    <Target>Executable</Target>
    <ExtraLinkerArguments>-ldl -lglut</ExtraLinkerArguments>
    <ConsolePause>False</ConsolePause>
    <UnittestMode>False</UnittestMode>
    <DebugLevel>0</DebugLevel>
  </PropertyGroup>
  <PropertyGroup Condition=" '$(Configuration)|$(Platform)' == 'Release|AnyCPU' ">
    <OutputPath>bin\Release</OutputPath>
    <ObjectsDirectory>obj/Release</ObjectsDirectory>
    <OutputName>ext</OutputName>
    <Target>Executable</Target>
    <ExtraLinkerArguments>-L-ldl -L-lglut -L-lIL -L-lILU</ExtraLinkerArguments>
    <UnittestMode>False</UnittestMode>
    <DebugLevel>0</DebugLevel>
  </PropertyGroup>
  <PropertyGroup Condition=" '$(Configuration)|$(Platform)' == 'Unittest|AnyCPU' ">
    <DebugSymbols>True</DebugSymbols>
    <OutputPath>bin\Unittest</OutputPath>
    <ExtraCompilerArguments>-unittest</ExtraCompilerArguments>
    <ObjectsDirectory>obj/Unittest</ObjectsDirectory>
    <Target>Executable</Target>
    <OutputName>ext</OutputName>
    <ExtraLinkerArguments>-L-ldl -L-lglut -L-lIL -L-lILU</ExtraLinkerArguments>
    <UnittestMode>False</UnittestMode>
    <DebugLevel>0</DebugLevel>
  </PropertyGroup>
  <ItemGroup>
    <Folder Include="samples\" />
    <Folder Include="samples\current\" />
    <Folder Include="ext\" />
    <Folder Include="ext\misc\" />
    <Folder Include="ext\render\" />
    <Folder Include="ext\math\" />
    <Folder Include="ext\render\opengl\" />
    <Folder Include="ext\window\" />
    <Folder Include="ext\window\freeglut\" />
    <Folder Include="ext\gui\" />
    <Folder Include="ext\resource\" />
  </ItemGroup>
  <ItemGroup>
    <Compile Include="samples\current\main.d" />
    <Compile Include="ext\misc\exception.d" />
    <Compile Include="ext\misc\dynlib.d" />
    <Compile Include="ext\misc\node.d" />
    <Compile Include="ext\render\context.d" />
    <Compile Include="ext\render\texture.d" />
    <Compile Include="ext\math\matrix.d" />
    <Compile Include="ext\math\quaternion.d" />
    <Compile Include="ext\math\vector.d" />
    <Compile Include="ext\render\target.d" />
    <Compile Include="ext\render\opengl\context.d" />
    <Compile Include="ext\render\opengl\api.d" />
    <Compile Include="ext\render\opengl\texture.d" />
    <Compile Include="ext\render\opengl\target.d" />
    <Compile Include="ext\render\exception.d" />
    <Compile Include="ext\render\opengl\exception.d" />
    <Compile Include="ext\window\window.d" />
    <Compile Include="ext\window\freeglut\api.d" />
    <Compile Include="ext\window\freeglut\window.d" />
    <Compile Include="ext\window\inputdevice.d" />
    <Compile Include="ext\window\freeglut\inputdevice.d" />
    <Compile Include="ext\window\exception.d" />
    <Compile Include="ext\gui\widget.d" />
    <Compile Include="ext\gui\udim.d" />
    <Compile Include="ext\gui\view.d" />
    <Compile Include="ext\gui\picture.d" />
    <Compile Include="ext\resource\image.d" />
    <Compile Include="ext\resource\resource.d" />
    <Compile Include="ext\resource\exception.d" />
    <Compile Include="ext\gui\layout.d" />
    <Compile Include="ext\render\geometry.d" />
    <Compile Include="ext\render\opengl\geometry.d" />
    <Compile Include="ext\resource\pool.d" />
    <Compile Include="ext\resource\path.d" />
    <Compile Include="ext\gui\exception.d" />
    <Compile Include="ext\render\program.d" />
    <Compile Include="ext\resource\material.d" />
    <Compile Include="ext\render\opengl\program.d" />
    <Compile Include="ext\misc\fpscalc.d" />
    <Compile Include="ext\resource\model.d" />
  </ItemGroup>
  <ProjectExtensions>
    <MonoDevelop>
      <Properties>
        <MonoDevelop.Autotools.MakefileInfo RelativeMakefileName="Makefile">
          <BuildFilesVar />
          <DeployFilesVar />
          <ResourcesVar />
          <OthersVar />
          <GacRefVar />
          <AsmRefVar />
          <ProjectRefVar />
        </MonoDevelop.Autotools.MakefileInfo>
      </Properties>
    </MonoDevelop>
  </ProjectExtensions>
</Project>