<?xml version="1.0" encoding="utf-8"?>
<Project DefaultTargets="Build" ToolsVersion="3.5" xmlns="http://schemas.microsoft.com/developer/msbuild/2003">
  <PropertyGroup>
    <Configuration Condition=" '$(Configuration)' == '' ">Debug</Configuration>
    <Platform Condition=" '$(Platform)' == '' ">AnyCPU</Platform>
    <ProductVersion>9.0.21022</ProductVersion>
    <SchemaVersion>2.0</SchemaVersion>
    <ProjectGuid>{11807333-FEF0-4086-8DB2-D925F8A35EF2}</ProjectGuid>
    <UseDefaultCompiler>true</UseDefaultCompiler>
    <IncrementalLinking>true</IncrementalLinking>
    <PreferOneStepBuild>true</PreferOneStepBuild>
    <Compiler>DMD</Compiler>
  </PropertyGroup>
  <PropertyGroup Condition=" '$(Configuration)|$(Platform)' == 'Debug|AnyCPU' ">
    <DebugSymbols>true</DebugSymbols>
    <OutputPath>bin\Debug</OutputPath>
    <ObjectsDirectory>obj/Debug</ObjectsDirectory>
    <OutputName>ext</OutputName>
    <Target>Executable</Target>
    <ExtraLinkerArguments>-L-ldl -L-lglut -L-lIL -L-lILU</ExtraLinkerArguments>
    <ConsolePause>false</ConsolePause>
  </PropertyGroup>
  <PropertyGroup Condition=" '$(Configuration)|$(Platform)' == 'Release|AnyCPU' ">
    <OutputPath>bin\Release</OutputPath>
    <ObjectsDirectory>obj/Release</ObjectsDirectory>
    <OutputName>ext</OutputName>
    <Target>Executable</Target>
    <ExtraLinkerArguments>-L-ldl -L-lglut</ExtraLinkerArguments>
  </PropertyGroup>
  <PropertyGroup Condition=" '$(Configuration)|$(Platform)' == 'Unittest|AnyCPU' ">
    <DebugSymbols>true</DebugSymbols>
    <OutputPath>bin\Unittest</OutputPath>
    <ExtraCompilerArguments>-unittest </ExtraCompilerArguments>
    <ObjectsDirectory>obj/Unittest</ObjectsDirectory>
    <Target>Executable</Target>
    <OutputName>ext</OutputName>
    <ExtraLinkerArguments>-L-ldl -L-lglut -L-lIL -L-lILU</ExtraLinkerArguments>
  </PropertyGroup>
  <ItemGroup>
    <Folder Include="samples\" />
    <Folder Include="samples\current\" />
    <Folder Include="ext\" />
    <Folder Include="ext\misc\" />
    <Folder Include="ext\render\" />
    <Folder Include="ext\math\" />
    <Folder Include="ext\render\opengl\" />
    <Folder Include="ext\window\" />
    <Folder Include="ext\window\freeglut\" />
    <Folder Include="ext\gui\" />
    <Folder Include="ext\resource\" />
    <Folder Include="ext\resource\external\" />
  </ItemGroup>
  <ItemGroup>
    <Compile Include="samples\current\main.d">
      <LastGenOutput>/home/henning/projects/d/extmd/ext/obj/Debug/main.o</LastGenOutput>
    </Compile>
    <Compile Include="ext\misc\exception.d">
      <LastGenOutput>/home/henning/projects/d/extmd/ext/obj/Debug/exception.o</LastGenOutput>
    </Compile>
    <Compile Include="ext\misc\dynlib.d">
      <LastGenOutput>/home/henning/projects/d/extmd/ext/obj/Debug/dynlib.o</LastGenOutput>
    </Compile>
    <Compile Include="ext\misc\node.d">
      <LastGenOutput>/home/henning/projects/d/extmd/ext/obj/Debug/node.o</LastGenOutput>
    </Compile>
    <Compile Include="ext\render\context.d">
      <LastGenOutput>/home/henning/projects/d/extmd/ext/obj/Debug/context.o</LastGenOutput>
    </Compile>
    <Compile Include="ext\render\texture.d">
      <LastGenOutput>/home/henning/projects/d/extmd/ext/obj/Debug/texture.o</LastGenOutput>
    </Compile>
    <Compile Include="ext\math\matrix.d">
      <LastGenOutput>/home/henning/projects/d/extmd/ext/obj/Debug/matrix.o</LastGenOutput>
    </Compile>
    <Compile Include="ext\math\quaternion.d">
      <LastGenOutput>/home/henning/projects/d/extmd/ext/obj/Debug/quaternion.o</LastGenOutput>
    </Compile>
    <Compile Include="ext\math\vector.d">
      <LastGenOutput>/home/henning/projects/d/extmd/ext/obj/Debug/vector.o</LastGenOutput>
    </Compile>
    <Compile Include="ext\render\target.d">
      <LastGenOutput>/home/henning/projects/d/extmd/ext/obj/Debug/target.o</LastGenOutput>
    </Compile>
    <Compile Include="ext\render\opengl\context.d">
      <LastGenOutput>/home/henning/projects/d/extmd/ext/obj/Debug/context.o</LastGenOutput>
    </Compile>
    <Compile Include="ext\render\opengl\api.d">
      <LastGenOutput>/home/henning/projects/d/extmd/ext/obj/Debug/api.o</LastGenOutput>
    </Compile>
    <Compile Include="ext\render\opengl\texture.d">
      <LastGenOutput>/home/henning/projects/d/extmd/ext/obj/Debug/ext.render.opengl.texture.o</LastGenOutput>
    </Compile>
    <Compile Include="ext\render\opengl\target.d">
      <LastGenOutput>/home/henning/projects/d/extmd/ext/obj/Debug/target.o</LastGenOutput>
    </Compile>
    <Compile Include="ext\render\exception.d">
      <LastGenOutput>/home/henning/projects/d/extmd/ext/obj/Debug/ext.render.exception.o</LastGenOutput>
    </Compile>
    <Compile Include="ext\render\opengl\exception.d">
      <LastGenOutput>/home/henning/projects/d/extmd/ext/obj/Debug/exception.o</LastGenOutput>
    </Compile>
    <Compile Include="ext\window\window.d">
      <LastGenOutput>/home/henning/projects/d/extmd/ext/obj/Debug/window.o</LastGenOutput>
    </Compile>
    <Compile Include="ext\window\freeglut\api.d">
      <LastGenOutput>/home/henning/projects/d/extmd/ext/obj/Debug/api.o</LastGenOutput>
    </Compile>
    <Compile Include="ext\window\freeglut\window.d" />
    <Compile Include="ext\window\inputdevice.d" />
    <Compile Include="ext\window\freeglut\inputdevice.d" />
    <Compile Include="ext\window\exception.d" />
    <Compile Include="ext\gui\widget.d" />
    <Compile Include="ext\gui\udim.d" />
    <Compile Include="ext\gui\view.d" />
    <Compile Include="ext\gui\picture.d" />
    <Compile Include="ext\resource\image.d" />
    <Compile Include="ext\resource\resource.d" />
    <Compile Include="ext\resource\exception.d" />
    <Compile Include="ext\gui\layout.d" />
    <Compile Include="ext\render\geometry.d" />
    <Compile Include="ext\render\opengl\geometry.d" />
    <Compile Include="ext\resource\external\devil.d" />
    <Compile Include="ext\resource\pool.d" />
    <Compile Include="ext\resource\path.d" />
  </ItemGroup>
</Project>